lockfileVersion: '9.0'

settings:
  autoInstallPeers: true
  excludeLinksFromLockfile: false

importers:

  .:
    dependencies:
      '@jupyter-widgets/base':
        specifier: ^6.0.10
        version: 6.0.10(react@19.0.0)
    devDependencies:
      '@anywidget/types':
        specifier: ^0.2.0
        version: 0.2.0
      '@webgpu/types':
        specifier: ^0.1.55
        version: 0.1.55
      esbuild:
        specifier: ^0.25.1
        version: 0.25.1
      typescript:
        specifier: ~5.3.3
        version: 5.3.3

packages:

  '@anywidget/types@0.2.0':
    resolution: {integrity: sha512-+XtK4uwxRd4JpuevUMhirrbvC0V4yCA/i0lEjhmSAtOaxiXIg/vBKzaSonDuoZ1a9LEjUXTW2+m7w+ULgsJYvg==}

  '@esbuild/aix-ppc64@0.25.1':
    resolution: {integrity: sha512-kfYGy8IdzTGy+z0vFGvExZtxkFlA4zAxgKEahG9KE1ScBjpQnFsNOX8KTU5ojNru5ed5CVoJYXFtoxaq5nFbjQ==}
    engines: {node: '>=18'}
    cpu: [ppc64]
    os: [aix]

  '@esbuild/android-arm64@0.25.1':
    resolution: {integrity: sha512-50tM0zCJW5kGqgG7fQ7IHvQOcAn9TKiVRuQ/lN0xR+T2lzEFvAi1ZcS8DiksFcEpf1t/GYOeOfCAgDHFpkiSmA==}
    engines: {node: '>=18'}
    cpu: [arm64]
    os: [android]

  '@esbuild/android-arm@0.25.1':
    resolution: {integrity: sha512-dp+MshLYux6j/JjdqVLnMglQlFu+MuVeNrmT5nk6q07wNhCdSnB7QZj+7G8VMUGh1q+vj2Bq8kRsuyA00I/k+Q==}
    engines: {node: '>=18'}
    cpu: [arm]
    os: [android]

  '@esbuild/android-x64@0.25.1':
    resolution: {integrity: sha512-GCj6WfUtNldqUzYkN/ITtlhwQqGWu9S45vUXs7EIYf+7rCiiqH9bCloatO9VhxsL0Pji+PF4Lz2XXCES+Q8hDw==}
    engines: {node: '>=18'}
    cpu: [x64]
    os: [android]

  '@esbuild/darwin-arm64@0.25.1':
    resolution: {integrity: sha512-5hEZKPf+nQjYoSr/elb62U19/l1mZDdqidGfmFutVUjjUZrOazAtwK+Kr+3y0C/oeJfLlxo9fXb1w7L+P7E4FQ==}
    engines: {node: '>=18'}
    cpu: [arm64]
    os: [darwin]

  '@esbuild/darwin-x64@0.25.1':
    resolution: {integrity: sha512-hxVnwL2Dqs3fM1IWq8Iezh0cX7ZGdVhbTfnOy5uURtao5OIVCEyj9xIzemDi7sRvKsuSdtCAhMKarxqtlyVyfA==}
    engines: {node: '>=18'}
    cpu: [x64]
    os: [darwin]

  '@esbuild/freebsd-arm64@0.25.1':
    resolution: {integrity: sha512-1MrCZs0fZa2g8E+FUo2ipw6jw5qqQiH+tERoS5fAfKnRx6NXH31tXBKI3VpmLijLH6yriMZsxJtaXUyFt/8Y4A==}
    engines: {node: '>=18'}
    cpu: [arm64]
    os: [freebsd]

  '@esbuild/freebsd-x64@0.25.1':
    resolution: {integrity: sha512-0IZWLiTyz7nm0xuIs0q1Y3QWJC52R8aSXxe40VUxm6BB1RNmkODtW6LHvWRrGiICulcX7ZvyH6h5fqdLu4gkww==}
    engines: {node: '>=18'}
    cpu: [x64]
    os: [freebsd]

  '@esbuild/linux-arm64@0.25.1':
    resolution: {integrity: sha512-jaN3dHi0/DDPelk0nLcXRm1q7DNJpjXy7yWaWvbfkPvI+7XNSc/lDOnCLN7gzsyzgu6qSAmgSvP9oXAhP973uQ==}
    engines: {node: '>=18'}
    cpu: [arm64]
    os: [linux]

  '@esbuild/linux-arm@0.25.1':
    resolution: {integrity: sha512-NdKOhS4u7JhDKw9G3cY6sWqFcnLITn6SqivVArbzIaf3cemShqfLGHYMx8Xlm/lBit3/5d7kXvriTUGa5YViuQ==}
    engines: {node: '>=18'}
    cpu: [arm]
    os: [linux]

  '@esbuild/linux-ia32@0.25.1':
    resolution: {integrity: sha512-OJykPaF4v8JidKNGz8c/q1lBO44sQNUQtq1KktJXdBLn1hPod5rE/Hko5ugKKZd+D2+o1a9MFGUEIUwO2YfgkQ==}
    engines: {node: '>=18'}
    cpu: [ia32]
    os: [linux]

  '@esbuild/linux-loong64@0.25.1':
    resolution: {integrity: sha512-nGfornQj4dzcq5Vp835oM/o21UMlXzn79KobKlcs3Wz9smwiifknLy4xDCLUU0BWp7b/houtdrgUz7nOGnfIYg==}
    engines: {node: '>=18'}
    cpu: [loong64]
    os: [linux]

  '@esbuild/linux-mips64el@0.25.1':
    resolution: {integrity: sha512-1osBbPEFYwIE5IVB/0g2X6i1qInZa1aIoj1TdL4AaAb55xIIgbg8Doq6a5BzYWgr+tEcDzYH67XVnTmUzL+nXg==}
    engines: {node: '>=18'}
    cpu: [mips64el]
    os: [linux]

  '@esbuild/linux-ppc64@0.25.1':
    resolution: {integrity: sha512-/6VBJOwUf3TdTvJZ82qF3tbLuWsscd7/1w+D9LH0W/SqUgM5/JJD0lrJ1fVIfZsqB6RFmLCe0Xz3fmZc3WtyVg==}
    engines: {node: '>=18'}
    cpu: [ppc64]
    os: [linux]

  '@esbuild/linux-riscv64@0.25.1':
    resolution: {integrity: sha512-nSut/Mx5gnilhcq2yIMLMe3Wl4FK5wx/o0QuuCLMtmJn+WeWYoEGDN1ipcN72g1WHsnIbxGXd4i/MF0gTcuAjQ==}
    engines: {node: '>=18'}
    cpu: [riscv64]
    os: [linux]

  '@esbuild/linux-s390x@0.25.1':
    resolution: {integrity: sha512-cEECeLlJNfT8kZHqLarDBQso9a27o2Zd2AQ8USAEoGtejOrCYHNtKP8XQhMDJMtthdF4GBmjR2au3x1udADQQQ==}
    engines: {node: '>=18'}
    cpu: [s390x]
    os: [linux]

  '@esbuild/linux-x64@0.25.1':
    resolution: {integrity: sha512-xbfUhu/gnvSEg+EGovRc+kjBAkrvtk38RlerAzQxvMzlB4fXpCFCeUAYzJvrnhFtdeyVCDANSjJvOvGYoeKzFA==}
    engines: {node: '>=18'}
    cpu: [x64]
    os: [linux]

  '@esbuild/netbsd-arm64@0.25.1':
    resolution: {integrity: sha512-O96poM2XGhLtpTh+s4+nP7YCCAfb4tJNRVZHfIE7dgmax+yMP2WgMd2OecBuaATHKTHsLWHQeuaxMRnCsH8+5g==}
    engines: {node: '>=18'}
    cpu: [arm64]
    os: [netbsd]

  '@esbuild/netbsd-x64@0.25.1':
    resolution: {integrity: sha512-X53z6uXip6KFXBQ+Krbx25XHV/NCbzryM6ehOAeAil7X7oa4XIq+394PWGnwaSQ2WRA0KI6PUO6hTO5zeF5ijA==}
    engines: {node: '>=18'}
    cpu: [x64]
    os: [netbsd]

  '@esbuild/openbsd-arm64@0.25.1':
    resolution: {integrity: sha512-Na9T3szbXezdzM/Kfs3GcRQNjHzM6GzFBeU1/6IV/npKP5ORtp9zbQjvkDJ47s6BCgaAZnnnu/cY1x342+MvZg==}
    engines: {node: '>=18'}
    cpu: [arm64]
    os: [openbsd]

  '@esbuild/openbsd-x64@0.25.1':
    resolution: {integrity: sha512-T3H78X2h1tszfRSf+txbt5aOp/e7TAz3ptVKu9Oyir3IAOFPGV6O9c2naym5TOriy1l0nNf6a4X5UXRZSGX/dw==}
    engines: {node: '>=18'}
    cpu: [x64]
    os: [openbsd]

  '@esbuild/sunos-x64@0.25.1':
    resolution: {integrity: sha512-2H3RUvcmULO7dIE5EWJH8eubZAI4xw54H1ilJnRNZdeo8dTADEZ21w6J22XBkXqGJbe0+wnNJtw3UXRoLJnFEg==}
    engines: {node: '>=18'}
    cpu: [x64]
    os: [sunos]

  '@esbuild/win32-arm64@0.25.1':
    resolution: {integrity: sha512-GE7XvrdOzrb+yVKB9KsRMq+7a2U/K5Cf/8grVFRAGJmfADr/e/ODQ134RK2/eeHqYV5eQRFxb1hY7Nr15fv1NQ==}
    engines: {node: '>=18'}
    cpu: [arm64]
    os: [win32]

  '@esbuild/win32-ia32@0.25.1':
    resolution: {integrity: sha512-uOxSJCIcavSiT6UnBhBzE8wy3n0hOkJsBOzy7HDAuTDE++1DJMRRVCPGisULScHL+a/ZwdXPpXD3IyFKjA7K8A==}
    engines: {node: '>=18'}
    cpu: [ia32]
    os: [win32]

  '@esbuild/win32-x64@0.25.1':
    resolution: {integrity: sha512-Y1EQdcfwMSeQN/ujR5VayLOJ1BHaK+ssyk0AEzPjC+t1lITgsnccPqFjb6V+LsTp/9Iov4ysfjxLaGJ9RPtkVg==}
    engines: {node: '>=18'}
    cpu: [x64]
    os: [win32]

  '@jupyter-widgets/base@6.0.10':
    resolution: {integrity: sha512-iJvBT4drhwd3kpfMXaIFoD+FZTqbm1pKNi8Gvv+Wggnefyw6SHugZ0hjHoBxZD362wEUM8fpHQmdj59KvXWg0g==}

  '@jupyter/ydoc@3.0.3':
    resolution: {integrity: sha512-DYkLU7bsf5RT6IwrK6GW380dEZbK3q10lo7Ddt8smxKWDrBsQgbdYmQswBtavyihMMDtBlrczjx2OYPFz3Ku8Q==}

  '@jupyterlab/coreutils@6.3.5':
    resolution: {integrity: sha512-ZPi9bhftYH0RAotTA1N8WA4uf8s4XBnQAN745PTTzvkrsiYCLUEJ4CGjCb3QsAeLlnee5vJfC9Kvjz4nMJFQHQ==}

  '@jupyterlab/nbformat@4.3.5':
    resolution: {integrity: sha512-rTge5VNBKoPbTzwMagbZ8KgQa3R805eqPDVVPQhXb0F9ND3vfEbINbZOgz+6/5b0ABlbRnOYWWvTR4iU8cD77w==}

  '@jupyterlab/services@7.3.5':
    resolution: {integrity: sha512-TPRnUsRaxU3mcx01iiJ5JvxF/1JJd9pAwQE0v0Oshvvxowndf8hjf0NkYAbBVaRUrF01zW7QdSY80ERlbHvIqw==}

  '@jupyterlab/settingregistry@4.3.5':
    resolution: {integrity: sha512-ygP9x0SWpTfWH8/gu9nnn4rB2+j9ZTBTvGVOH2rBShqsywPlHIG1jJz6Dn6ptq7Obg5KwHh3OFE7dEqRwvacJA==}
    peerDependencies:
      react: '>=16'

  '@jupyterlab/statedb@4.3.5':
    resolution: {integrity: sha512-zUqywCIRhq26IuE6jW3qqk5EjPtP0lKSuHqRPG4TTRujVnwsksjIvwrmBCAB7rGfn13SLXUab7whYeNFDNAelg==}

  '@lumino/algorithm@1.9.2':
    resolution: {integrity: sha512-Z06lp/yuhz8CtIir3PNTGnuk7909eXt4ukJsCzChsGuot2l5Fbs96RJ/FOHgwCedaX74CtxPjXHXoszFbUA+4A==}

  '@lumino/algorithm@2.0.2':
    resolution: {integrity: sha512-cI8yJ2+QK1yM5ZRU3Kuaw9fJ/64JEDZEwWWp7+U0cd/mvcZ44BGdJJ29w+tIet1QXxPAvnsUleWyQ5qm4qUouA==}

  '@lumino/collections@1.9.3':
    resolution: {integrity: sha512-2i2Wf1xnfTgEgdyKEpqM16bcYRIhUOGCDzaVCEZACVG9R1CgYwOe3zfn71slBQOVSjjRgwYrgLXu4MBpt6YK+g==}

  '@lumino/collections@2.0.2':
    resolution: {integrity: sha512-o0QmfV1D3WhAeA8GI1/YmEPaK89JtHVa764rQ5T0LdbDEwUtUDbjavHs1E/+y66tNTXz9RUJ4D2rcSb9tysYsg==}

  '@lumino/commands@2.3.1':
    resolution: {integrity: sha512-DpX1kkE4PhILpvK1T4ZnaFb6UP4+YTkdZifvN3nbiomD64O2CTd+wcWIBpZMgy6MMgbVgrE8dzHxHk1EsKxNxw==}

  '@lumino/coreutils@2.2.0':
    resolution: {integrity: sha512-x5wnQ/GjWBayJ6vXVaUi6+Q6ETDdcUiH9eSfpRZFbgMQyyM6pi6baKqJBK2CHkCc/YbAEl6ipApTgm3KOJ/I3g==}

  '@lumino/disposable@2.1.3':
    resolution: {integrity: sha512-k5KXy/+T3UItiWHY4WwQawnsJnGo3aNtP5CTRKqo4+tbTNuhc3rTSvygJlNKIbEfIZXW2EWYnwfFDozkYx95eA==}

  '@lumino/domutils@2.0.2':
    resolution: {integrity: sha512-2Kp6YHaMNI1rKB0PrALvOsZBHPy2EvVVAvJLWjlCm8MpWOVETjFp0MA9QpMubT9I76aKbaI5s1o1NJyZ8Y99pQ==}

  '@lumino/dragdrop@2.1.5':
    resolution: {integrity: sha512-zqwR4GakrQBKZOW6S5pj2nfrQDurOErAoe9x3HS3BKLa1AzWA+t9PD5NESOKd81NqXFHjiMirSyFkTUs6pw+uA==}

  '@lumino/keyboard@2.0.2':
    resolution: {integrity: sha512-icRUpvswDaFjqmAJNbQRb/aTu6Iugo6Y2oC08TiIwhQtLS9W+Ee9VofdqvbPSvCm6DkyP+DCWMuA3KXZ4V4g4g==}

  '@lumino/messaging@1.10.3':
    resolution: {integrity: sha512-F/KOwMCdqvdEG8CYAJcBSadzp6aI7a47Fr60zAKGqZATSRRRV41q53iXU7HjFPqQqQIvdn9Z7J32rBEAyQAzww==}

  '@lumino/messaging@2.0.2':
    resolution: {integrity: sha512-2sUF07cYA0f3mDil41Eh5sfBk0aGAH/mOh1I4+vyRUsKyBqp4WTUtpJFd8xVJGAntygxwnebIygkIaXXTIQvxA==}

  '@lumino/polling@2.1.3':
    resolution: {integrity: sha512-WEZk96ddK6eHEhdDkFUAAA40EOLit86QVbqQqnbPmhdGwFogek26Kq9b1U273LJeirv95zXCATOJAkjRyb7D+w==}

  '@lumino/properties@2.0.2':
    resolution: {integrity: sha512-b312oA3Bh97WFK8efXejYmC3DVJmvzJk72LQB7H3fXhfqS5jUWvL7MSnNmgcQvGzl9fIhDWDWjhtSTi0KGYYBg==}

  '@lumino/signaling@2.1.3':
    resolution: {integrity: sha512-9Wd4iMk8F1i6pYjy65bqKuPlzQMicyL9xy1/ccS20kovPcfD074waneL/7BVe+3M8i+fGa3x2qjbWrBzOdTdNw==}

  '@lumino/virtualdom@2.0.2':
    resolution: {integrity: sha512-HYZThOtZSoknjdXA102xpy5CiXtTFCVz45EXdWeYLx3NhuEwuAIX93QBBIhupalmtFlRg1yhdDNV40HxJ4kcXg==}

  '@lumino/widgets@2.6.0':
    resolution: {integrity: sha512-UjLtRod9QfUBzASP4geUzfW3P+qzF+d9I9/4CwrIsL9JIQ7VIxeB3nEMuhKMLOQttaJleL488lmUW9zSs5+AuQ==}

  '@rjsf/utils@5.24.7':
    resolution: {integrity: sha512-5J1IZN5iX7/2BhldzEx4diJNLEEebEiVJ0ZTTiWUu3qbU6EA/zh68buWzcxwwNJA0L2TXQDRh2DufNCVK8HBpQ==}
    engines: {node: '>=14'}
    peerDependencies:
      react: ^16.14.0 || >=17

  '@types/backbone@1.4.14':
    resolution: {integrity: sha512-85ldQ99fiYTJFBlZuAJRaCdvTZKZ2p1fSs3fVf+6Ub6k1X0g0hNJ0qJ/2FOByyyAQYLtbEz3shX5taKQfBKBDw==}

  '@types/jquery@3.5.32':
    resolution: {integrity: sha512-b9Xbf4CkMqS02YH8zACqN1xzdxc3cO735Qe5AbSUFmyOiaWAbcpqh9Wna+Uk0vgACvoQHpWDg2rGdHkYPLmCiQ==}

  '@types/lodash@4.17.16':
    resolution: {integrity: sha512-HX7Em5NYQAXKW+1T+FiuG27NGwzJfCX3s1GjOa7ujxZa52kjJLOr4FUxT+giF6Tgxv1e+/czV/iTtBw27WTU9g==}

  '@types/sizzle@2.3.9':
    resolution: {integrity: sha512-xzLEyKB50yqCUPUJkIsrVvoWNfFUbIZI+RspLWt8u+tIW/BetMBZtgV2LY/2o+tYH8dRvQ+eoPf3NdhQCcLE2w==}

  '@types/underscore@1.13.0':
    resolution: {integrity: sha512-L6LBgy1f0EFQZ+7uSA57+n2g/s4Qs5r06Vwrwn0/nuK1de+adz00NWaztRQ30aEqw5qOaWbPI8u2cGQ52lj6VA==}

  '@webgpu/types@0.1.55':
    resolution: {integrity: sha512-p97I8XEC1h04esklFqyIH+UhFrUcj8/1/vBWgc6lAK4jMJc+KbhUy8D4dquHYztFj6pHLqGcp/P1xvBBF4r3DA==}

  ajv@8.17.1:
    resolution: {integrity: sha512-B/gBuNg5SiMTrPkC+A2+cW0RszwxYmn6VYxB/inlBStS5nx6xHIt/ehKRhIMhqusl7a8LjQoZnjCs5vhwxOQ1g==}

  backbone@1.4.0:
    resolution: {integrity: sha512-RLmDrRXkVdouTg38jcgHhyQ/2zjg7a8E6sz2zxfz21Hh17xDJYUHBZimVIt5fUyS8vbfpeSmTL3gUjTEvUV3qQ==}

  compute-gcd@1.2.1:
    resolution: {integrity: sha512-TwMbxBNz0l71+8Sc4czv13h4kEqnchV9igQZBi6QUaz09dnz13juGnnaWWJTRsP3brxOoxeB4SA2WELLw1hCtg==}

  compute-lcm@1.1.2:
    resolution: {integrity: sha512-OFNPdQAXnQhDSKioX8/XYT6sdUlXwpeMjfd6ApxMJfyZ4GxmLR1xvMERctlYhlHwIiz6CSpBc2+qYKjHGZw4TQ==}

  esbuild@0.25.1:
    resolution: {integrity: sha512-BGO5LtrGC7vxnqucAe/rmvKdJllfGaYWdyABvyMoXQlfYMb2bbRuReWR5tEGE//4LcNJj9XrkovTqNYRFZHAMQ==}
    engines: {node: '>=18'}
    hasBin: true

  fast-deep-equal@3.1.3:
    resolution: {integrity: sha512-f3qQ9oQy9j2AhBe/H9VC91wLmKBCCU/gDOnKNAYG5hswO7BLKj09Hc5HYNz9cGI++xlpDCIgDaitVs03ATR84Q==}

  fast-uri@3.0.6:
    resolution: {integrity: sha512-Atfo14OibSv5wAp4VWNsFYE1AchQRTv9cBGWET4pZWHzYshFSS9NQI6I57rdKn9croWVMbYFbLhJ+yJvmZIIHw==}

  isomorphic.js@0.2.5:
    resolution: {integrity: sha512-PIeMbHqMt4DnUP3MA/Flc0HElYjMXArsw1qwJZcm9sqR8mq3l8NYizFMty0pWwE/tzIGH3EKK5+jes5mAr85yw==}

  jquery@3.7.1:
    resolution: {integrity: sha512-m4avr8yL8kmFN8psrbFFFmB/If14iN5o9nw/NgnnM+kybDJpRsAynV2BsfpTYrTRysYUdADVD7CkUUizgkpLfg==}

  json-schema-compare@0.2.2:
    resolution: {integrity: sha512-c4WYmDKyJXhs7WWvAWm3uIYnfyWFoIp+JEoX34rctVvEkMYCPGhXtvmFFXiffBbxfZsvQ0RNnV5H7GvDF5HCqQ==}

  json-schema-merge-allof@0.8.1:
    resolution: {integrity: sha512-CTUKmIlPJbsWfzRRnOXz+0MjIqvnleIXwFTzz+t9T86HnYX/Rozria6ZVGLktAU9e+NygNljveP+yxqtQp/Q4w==}
    engines: {node: '>=12.0.0'}

  json-schema-traverse@1.0.0:
    resolution: {integrity: sha512-NM8/P9n3XjXhIZn1lLhkFaACTOURQXjWhV4BA/RnOv8xvgqtqpAX9IO4mRQxSx1Rlo4tqzeqb0sOlruaOy3dug==}

  json5@2.2.3:
    resolution: {integrity: sha512-XmOWe7eyHYH14cLdVPoyg+GOH3rYX++KpzrylJwSW98t3Nk+U8XOl8FWKOgwtzdb8lXGf6zYwDUzeHMWfxasyg==}
    engines: {node: '>=6'}
    hasBin: true

  jsonpointer@5.0.1:
    resolution: {integrity: sha512-p/nXbhSEcu3pZRdkW1OfJhpsVtW1gd4Wa1fnQc9YLiTfAjn0312eMKimbdIQzuZl9aa9xUGaRlP9T/CJE/ditQ==}
    engines: {node: '>=0.10.0'}

  lib0@0.2.99:
    resolution: {integrity: sha512-vwztYuUf1uf/1zQxfzRfO5yzfNKhTtgOByCruuiQQxWQXnPb8Itaube5ylofcV0oM0aKal9Mv+S1s1Ky0UYP1w==}
    engines: {node: '>=16'}
    hasBin: true

  lodash-es@4.17.21:
    resolution: {integrity: sha512-mKnC+QJ9pWVzv+C4/U3rRsHapFfHvQFoFB92e52xeyGMcX6/OlIl78je1u8vePzYZSkkogMPJ2yjxxsb89cxyw==}

  lodash@4.17.21:
    resolution: {integrity: sha512-v2kDEe57lecTulaDIuNTPy3Ry4gLGJ6Z1O3vE1krgXZNrsQ+LFTGHVxVjcXPs17LhbZVGedAJv8XZ1tvj5FvSg==}

  minimist@1.2.8:
    resolution: {integrity: sha512-2yyAR8qBkN3YuheJanUpWC5U3bb5osDywNB8RzDVlDwDHbocAJveqqj1u8+SVD7jkWT4yvsHCpWqqWqAxb0zCA==}

  path-browserify@1.0.1:
    resolution: {integrity: sha512-b7uo2UCUOYZcnF/3ID0lulOJi/bafxa1xPe7ZPsammBSpjSWQkjNxlt635YGS2MiR9GjvuXCtz2emr3jbsz98g==}

  querystringify@2.2.0:
    resolution: {integrity: sha512-FIqgj2EUvTa7R50u0rGsyTftzjYmv/a3hO345bZNrqabNqjtgiDMgmo4mkUjd+nzU5oF3dClKqFIPUKybUyqoQ==}

  react-is@18.3.1:
    resolution: {integrity: sha512-/LLMVyas0ljjAtoYiPqYiL8VWXzUUdThrmU5+n20DZv+a+ClRoevUzw5JxU+Ieh5/c87ytoTBV9G1FiKfNJdmg==}

  react@19.0.0:
    resolution: {integrity: sha512-V8AVnmPIICiWpGfm6GLzCR/W5FXLchHop40W4nXBmdlEceh16rCN8O8LNWm5bh5XUX91fh7KpA+W0TgMKmgTpQ==}
    engines: {node: '>=0.10.0'}

  require-from-string@2.0.2:
    resolution: {integrity: sha512-Xf0nWe6RseziFMu+Ap9biiUbmplq6S9/p+7w7YXP/JBHhrUDDUhwa+vANyubuqfZWTveU//DYVGsDG7RKL/vEw==}
    engines: {node: '>=0.10.0'}

  requires-port@1.0.0:
    resolution: {integrity: sha512-KigOCHcocU3XODJxsu8i/j8T9tzT4adHiecwORRQ0ZZFcp7ahwXuRU1m+yuO90C5ZUyGeGfocHDI14M3L3yDAQ==}

  typescript@5.3.3:
    resolution: {integrity: sha512-pXWcraxM0uxAS+tN0AG/BF2TyqmHO014Z070UsJ+pFvYuRSq8KH8DmWpnbXe0pEPDHXZV3FcAbJkijJ5oNEnWw==}
    engines: {node: '>=14.17'}
    hasBin: true

  underscore@1.13.7:
    resolution: {integrity: sha512-GMXzWtsc57XAtguZgaQViUOzs0KTkk8ojr3/xAxXLITqf/3EMwxC0inyETfDFjH/Krbhuep0HNbbjI9i/q3F3g==}

  url-parse@1.5.10:
    resolution: {integrity: sha512-WypcfiRhfeUP9vvF0j6rw0J3hrWrw6iZv3+22h6iRMJ/8z1Tj6XfLP4DsUix5MhMPnXpiHDoKyoZ/bdCkwBCiQ==}

  validate.io-array@1.0.6:
    resolution: {integrity: sha512-DeOy7CnPEziggrOO5CZhVKJw6S3Yi7e9e65R1Nl/RTN1vTQKnzjfvks0/8kQ40FP/dsjRAOd4hxmJ7uLa6vxkg==}

  validate.io-function@1.0.2:
    resolution: {integrity: sha512-LlFybRJEriSuBnUhQyG5bwglhh50EpTL2ul23MPIuR1odjO7XaMLFV8vHGwp7AZciFxtYOeiSCT5st+XSPONiQ==}

  validate.io-integer-array@1.0.0:
    resolution: {integrity: sha512-mTrMk/1ytQHtCY0oNO3dztafHYyGU88KL+jRxWuzfOmQb+4qqnWmI+gykvGp8usKZOM0H7keJHEbRaFiYA0VrA==}

  validate.io-integer@1.0.5:
    resolution: {integrity: sha512-22izsYSLojN/P6bppBqhgUDjCkr5RY2jd+N2a3DCAUey8ydvrZ/OkGvFPR7qfOpwR2LC5p4Ngzxz36g5Vgr/hQ==}

  validate.io-number@1.0.3:
    resolution: {integrity: sha512-kRAyotcbNaSYoDnXvb4MHg/0a1egJdLwS6oJ38TJY7aw9n93Fl/3blIXdyYvPOp55CNxywooG/3BcrwNrBpcSg==}

  ws@8.18.1:
    resolution: {integrity: sha512-RKW2aJZMXeMxVpnZ6bck+RswznaxmzdULiBr6KY7XkTnW8uvt0iT9H5DkHUChXrc+uurzwa0rVI16n/Xzjdz1w==}
    engines: {node: '>=10.0.0'}
    peerDependencies:
      bufferutil: ^4.0.1
      utf-8-validate: '>=5.0.2'
    peerDependenciesMeta:
      bufferutil:
        optional: true
      utf-8-validate:
        optional: true

  y-protocols@1.0.6:
    resolution: {integrity: sha512-vHRF2L6iT3rwj1jub/K5tYcTT/mEYDUppgNPXwp8fmLpui9f7Yeq3OEtTLVF012j39QnV+KEQpNqoN7CWU7Y9Q==}
    engines: {node: '>=16.0.0', npm: '>=8.0.0'}
    peerDependencies:
      yjs: ^13.0.0

  yjs@13.6.24:
    resolution: {integrity: sha512-xn/pYLTZa3uD1uDG8lpxfLRo5SR/rp0frdASOl2a71aYNvUXdWcLtVL91s2y7j+Q8ppmjZ9H3jsGVgoFMbT2VA==}
    engines: {node: '>=16.0.0', npm: '>=8.0.0'}

snapshots:

  '@anywidget/types@0.2.0': {}

  '@esbuild/aix-ppc64@0.25.1':
    optional: true

  '@esbuild/android-arm64@0.25.1':
    optional: true

  '@esbuild/android-arm@0.25.1':
    optional: true

  '@esbuild/android-x64@0.25.1':
    optional: true

  '@esbuild/darwin-arm64@0.25.1':
    optional: true

  '@esbuild/darwin-x64@0.25.1':
    optional: true

  '@esbuild/freebsd-arm64@0.25.1':
    optional: true

  '@esbuild/freebsd-x64@0.25.1':
    optional: true

  '@esbuild/linux-arm64@0.25.1':
    optional: true

  '@esbuild/linux-arm@0.25.1':
    optional: true

  '@esbuild/linux-ia32@0.25.1':
    optional: true

  '@esbuild/linux-loong64@0.25.1':
    optional: true

  '@esbuild/linux-mips64el@0.25.1':
    optional: true

  '@esbuild/linux-ppc64@0.25.1':
    optional: true

  '@esbuild/linux-riscv64@0.25.1':
    optional: true

  '@esbuild/linux-s390x@0.25.1':
    optional: true

  '@esbuild/linux-x64@0.25.1':
    optional: true

  '@esbuild/netbsd-arm64@0.25.1':
    optional: true

  '@esbuild/netbsd-x64@0.25.1':
    optional: true

  '@esbuild/openbsd-arm64@0.25.1':
    optional: true

  '@esbuild/openbsd-x64@0.25.1':
    optional: true

  '@esbuild/sunos-x64@0.25.1':
    optional: true

  '@esbuild/win32-arm64@0.25.1':
    optional: true

  '@esbuild/win32-ia32@0.25.1':
    optional: true

  '@esbuild/win32-x64@0.25.1':
    optional: true

  '@jupyter-widgets/base@6.0.10(react@19.0.0)':
    dependencies:
      '@jupyterlab/services': 7.3.5(react@19.0.0)
      '@lumino/coreutils': 2.2.0
      '@lumino/messaging': 1.10.3
      '@lumino/widgets': 2.6.0
      '@types/backbone': 1.4.14
      '@types/lodash': 4.17.16
      backbone: 1.4.0
      jquery: 3.7.1
      lodash: 4.17.21
    transitivePeerDependencies:
      - bufferutil
      - react
      - utf-8-validate

  '@jupyter/ydoc@3.0.3':
    dependencies:
      '@jupyterlab/nbformat': 4.3.5
      '@lumino/coreutils': 2.2.0
      '@lumino/disposable': 2.1.3
      '@lumino/signaling': 2.1.3
      y-protocols: 1.0.6(yjs@13.6.24)
      yjs: 13.6.24

  '@jupyterlab/coreutils@6.3.5':
    dependencies:
      '@lumino/coreutils': 2.2.0
      '@lumino/disposable': 2.1.3
      '@lumino/signaling': 2.1.3
      minimist: 1.2.8
      path-browserify: 1.0.1
      url-parse: 1.5.10

  '@jupyterlab/nbformat@4.3.5':
    dependencies:
      '@lumino/coreutils': 2.2.0

  '@jupyterlab/services@7.3.5(react@19.0.0)':
    dependencies:
      '@jupyter/ydoc': 3.0.3
      '@jupyterlab/coreutils': 6.3.5
      '@jupyterlab/nbformat': 4.3.5
      '@jupyterlab/settingregistry': 4.3.5(react@19.0.0)
      '@jupyterlab/statedb': 4.3.5
      '@lumino/coreutils': 2.2.0
      '@lumino/disposable': 2.1.3
      '@lumino/polling': 2.1.3
      '@lumino/properties': 2.0.2
      '@lumino/signaling': 2.1.3
      ws: 8.18.1
    transitivePeerDependencies:
      - bufferutil
      - react
      - utf-8-validate

  '@jupyterlab/settingregistry@4.3.5(react@19.0.0)':
    dependencies:
      '@jupyterlab/nbformat': 4.3.5
      '@jupyterlab/statedb': 4.3.5
      '@lumino/commands': 2.3.1
      '@lumino/coreutils': 2.2.0
      '@lumino/disposable': 2.1.3
      '@lumino/signaling': 2.1.3
      '@rjsf/utils': 5.24.7(react@19.0.0)
      ajv: 8.17.1
      json5: 2.2.3
      react: 19.0.0

  '@jupyterlab/statedb@4.3.5':
    dependencies:
      '@lumino/commands': 2.3.1
      '@lumino/coreutils': 2.2.0
      '@lumino/disposable': 2.1.3
      '@lumino/properties': 2.0.2
      '@lumino/signaling': 2.1.3

  '@lumino/algorithm@1.9.2': {}

  '@lumino/algorithm@2.0.2': {}

  '@lumino/collections@1.9.3':
    dependencies:
      '@lumino/algorithm': 1.9.2

  '@lumino/collections@2.0.2':
    dependencies:
      '@lumino/algorithm': 2.0.2

  '@lumino/commands@2.3.1':
    dependencies:
      '@lumino/algorithm': 2.0.2
      '@lumino/coreutils': 2.2.0
      '@lumino/disposable': 2.1.3
      '@lumino/domutils': 2.0.2
      '@lumino/keyboard': 2.0.2
      '@lumino/signaling': 2.1.3
      '@lumino/virtualdom': 2.0.2

  '@lumino/coreutils@2.2.0':
    dependencies:
      '@lumino/algorithm': 2.0.2

  '@lumino/disposable@2.1.3':
    dependencies:
      '@lumino/signaling': 2.1.3

  '@lumino/domutils@2.0.2': {}

  '@lumino/dragdrop@2.1.5':
    dependencies:
      '@lumino/coreutils': 2.2.0
      '@lumino/disposable': 2.1.3

  '@lumino/keyboard@2.0.2': {}

  '@lumino/messaging@1.10.3':
    dependencies:
      '@lumino/algorithm': 1.9.2
      '@lumino/collections': 1.9.3

  '@lumino/messaging@2.0.2':
    dependencies:
      '@lumino/algorithm': 2.0.2
      '@lumino/collections': 2.0.2

  '@lumino/polling@2.1.3':
    dependencies:
      '@lumino/coreutils': 2.2.0
      '@lumino/disposable': 2.1.3
      '@lumino/signaling': 2.1.3

  '@lumino/properties@2.0.2': {}

  '@lumino/signaling@2.1.3':
    dependencies:
      '@lumino/algorithm': 2.0.2
      '@lumino/coreutils': 2.2.0

  '@lumino/virtualdom@2.0.2':
    dependencies:
      '@lumino/algorithm': 2.0.2

  '@lumino/widgets@2.6.0':
    dependencies:
      '@lumino/algorithm': 2.0.2
      '@lumino/commands': 2.3.1
      '@lumino/coreutils': 2.2.0
      '@lumino/disposable': 2.1.3
      '@lumino/domutils': 2.0.2
      '@lumino/dragdrop': 2.1.5
      '@lumino/keyboard': 2.0.2
      '@lumino/messaging': 2.0.2
      '@lumino/properties': 2.0.2
      '@lumino/signaling': 2.1.3
      '@lumino/virtualdom': 2.0.2

  '@rjsf/utils@5.24.7(react@19.0.0)':
    dependencies:
      json-schema-merge-allof: 0.8.1
      jsonpointer: 5.0.1
      lodash: 4.17.21
      lodash-es: 4.17.21
      react: 19.0.0
      react-is: 18.3.1

  '@types/backbone@1.4.14':
    dependencies:
      '@types/jquery': 3.5.32
      '@types/underscore': 1.13.0

  '@types/jquery@3.5.32':
    dependencies:
      '@types/sizzle': 2.3.9

  '@types/lodash@4.17.16': {}

  '@types/sizzle@2.3.9': {}

  '@types/underscore@1.13.0': {}

  '@webgpu/types@0.1.55': {}

  ajv@8.17.1:
    dependencies:
      fast-deep-equal: 3.1.3
      fast-uri: 3.0.6
      json-schema-traverse: 1.0.0
      require-from-string: 2.0.2

  backbone@1.4.0:
    dependencies:
      underscore: 1.13.7

  compute-gcd@1.2.1:
    dependencies:
      validate.io-array: 1.0.6
      validate.io-function: 1.0.2
      validate.io-integer-array: 1.0.0

  compute-lcm@1.1.2:
    dependencies:
      compute-gcd: 1.2.1
      validate.io-array: 1.0.6
      validate.io-function: 1.0.2
      validate.io-integer-array: 1.0.0

  esbuild@0.25.1:
    optionalDependencies:
      '@esbuild/aix-ppc64': 0.25.1
      '@esbuild/android-arm': 0.25.1
      '@esbuild/android-arm64': 0.25.1
      '@esbuild/android-x64': 0.25.1
      '@esbuild/darwin-arm64': 0.25.1
      '@esbuild/darwin-x64': 0.25.1
      '@esbuild/freebsd-arm64': 0.25.1
      '@esbuild/freebsd-x64': 0.25.1
      '@esbuild/linux-arm': 0.25.1
      '@esbuild/linux-arm64': 0.25.1
      '@esbuild/linux-ia32': 0.25.1
      '@esbuild/linux-loong64': 0.25.1
      '@esbuild/linux-mips64el': 0.25.1
      '@esbuild/linux-ppc64': 0.25.1
      '@esbuild/linux-riscv64': 0.25.1
      '@esbuild/linux-s390x': 0.25.1
      '@esbuild/linux-x64': 0.25.1
      '@esbuild/netbsd-arm64': 0.25.1
      '@esbuild/netbsd-x64': 0.25.1
      '@esbuild/openbsd-arm64': 0.25.1
      '@esbuild/openbsd-x64': 0.25.1
      '@esbuild/sunos-x64': 0.25.1
      '@esbuild/win32-arm64': 0.25.1
      '@esbuild/win32-ia32': 0.25.1
      '@esbuild/win32-x64': 0.25.1

  fast-deep-equal@3.1.3: {}

  fast-uri@3.0.6: {}

  isomorphic.js@0.2.5: {}

  jquery@3.7.1: {}

  json-schema-compare@0.2.2:
    dependencies:
      lodash: 4.17.21

  json-schema-merge-allof@0.8.1:
    dependencies:
      compute-lcm: 1.1.2
      json-schema-compare: 0.2.2
      lodash: 4.17.21

  json-schema-traverse@1.0.0: {}

  json5@2.2.3: {}

  jsonpointer@5.0.1: {}

  lib0@0.2.99:
    dependencies:
      isomorphic.js: 0.2.5

  lodash-es@4.17.21: {}

  lodash@4.17.21: {}

  minimist@1.2.8: {}

  path-browserify@1.0.1: {}

  querystringify@2.2.0: {}

  react-is@18.3.1: {}

  react@19.0.0: {}

  require-from-string@2.0.2: {}

  requires-port@1.0.0: {}

  typescript@5.3.3: {}

  underscore@1.13.7: {}

  url-parse@1.5.10:
    dependencies:
      querystringify: 2.2.0
      requires-port: 1.0.0

  validate.io-array@1.0.6: {}

  validate.io-function@1.0.2: {}

  validate.io-integer-array@1.0.0:
    dependencies:
      validate.io-array: 1.0.6
      validate.io-integer: 1.0.5

  validate.io-integer@1.0.5:
    dependencies:
      validate.io-number: 1.0.3

  validate.io-number@1.0.3: {}

  ws@8.18.1: {}

  y-protocols@1.0.6(yjs@13.6.24):
    dependencies:
      lib0: 0.2.99
      yjs: 13.6.24

  yjs@13.6.24:
    dependencies:
      lib0: 0.2.99
